
Microsoft Visual Studio Solution File, Format Version 12.00
# Visual Studio Version 16
VisualStudioVersion = 16.0.29409.12
MinimumVisualStudioVersion = 10.0.40219.1
Project("{FAE04EC0-301F-11D3-BF4B-00C04F79EFBC}") = "TischOOP", "TischOOP.csproj", "{068A4A19-F014-4F99-B08F-E7D85A09C9E3}"
EndProject
Global
	GlobalSection(SolutionConfigurationPlatforms) = preSolution
		Debug|Any CPU = Debug|Any CPU
		Release|Any CPU = Release|Any CPU
	EndGlobalSection
	GlobalSection(ProjectConfigurationPlatforms) = postSolution
		{068A4A19-F014-4F99-B08F-E7D85A09C9E3}.Debug|Any CPU.ActiveCfg = Debug|Any CPU
		{068A4A19-F014-4F99-B08F-E7D85A09C9E3}.Debug|Any CPU.Build.0 = Debug|Any CPU
		{068A4A19-F014-4F99-B08F-E7D85A09C9E3}.Release|Any CPU.ActiveCfg = Release|Any CPU
		{068A4A19-F014-4F99-B08F-E7D85A09C9E3}.Release|Any CPU.Build.0 = Release|Any CPU
	EndGlobalSection
	GlobalSection(SolutionProperties) = preSolution
		HideSolutionNode = FALSE
	EndGlobalSection
	GlobalSection(ExtensibilityGlobals) = postSolution
		SolutionGuid = {AEA7ADBB-02FC-422F-9FED-0A739D3FA258}
	EndGlobalSection
EndGlobal
